
Microsoft Visual Studio Solution File, Format Version 12.00
# Visual Studio 14
VisualStudioVersion = 14.0.25123.0
MinimumVisualStudioVersion = 10.0.40219.1
Project("{FAE04EC0-301F-11D3-BF4B-00C04F79EFBC}") = "Tweakers", "Tweakers\Tweakers.csproj", "{A7A7AA3E-2A4A-4796-98A6-78F6A8214CFB}"
EndProject
Project("{FAE04EC0-301F-11D3-BF4B-00C04F79EFBC}") = "Tweakers.Tests", "Tweakers.Tests\Tweakers.Tests.csproj", "{0BF81A44-1AD0-48CF-88AC-34375CF54213}"
EndProject
Global
	GlobalSection(SolutionConfigurationPlatforms) = preSolution
		Debug|Any CPU = Debug|Any CPU
		Release|Any CPU = Release|Any CPU
	EndGlobalSection
	GlobalSection(ProjectConfigurationPlatforms) = postSolution
		{A7A7AA3E-2A4A-4796-98A6-78F6A8214CFB}.Debug|Any CPU.ActiveCfg = Debug|Any CPU
		{A7A7AA3E-2A4A-4796-98A6-78F6A8214CFB}.Debug|Any CPU.Build.0 = Debug|Any CPU
		{A7A7AA3E-2A4A-4796-98A6-78F6A8214CFB}.Release|Any CPU.ActiveCfg = Release|Any CPU
		{A7A7AA3E-2A4A-4796-98A6-78F6A8214CFB}.Release|Any CPU.Build.0 = Release|Any CPU
		{0BF81A44-1AD0-48CF-88AC-34375CF54213}.Debug|Any CPU.ActiveCfg = Debug|Any CPU
		{0BF81A44-1AD0-48CF-88AC-34375CF54213}.Debug|Any CPU.Build.0 = Debug|Any CPU
		{0BF81A44-1AD0-48CF-88AC-34375CF54213}.Release|Any CPU.ActiveCfg = Release|Any CPU
		{0BF81A44-1AD0-48CF-88AC-34375CF54213}.Release|Any CPU.Build.0 = Release|Any CPU
	EndGlobalSection
	GlobalSection(SolutionProperties) = preSolution
		HideSolutionNode = FALSE
	EndGlobalSection
EndGlobal
